
Microsoft Visual Studio Solution File, Format Version 12.00
# Visual Studio 15
VisualStudioVersion = 15.0.27703.2047
MinimumVisualStudioVersion = 10.0.40219.1
Project("{FAE04EC0-301F-11D3-BF4B-00C04F79EFBC}") = "strgen", "strgen\strgen.csproj", "{1CC0D4B5-7C44-434D-A7DA-6AB56A68B004}"
EndProject
Global
	GlobalSection(SolutionConfigurationPlatforms) = preSolution
		Debug|Any CPU = Debug|Any CPU
		Release|Any CPU = Release|Any CPU
	EndGlobalSection
	GlobalSection(ProjectConfigurationPlatforms) = postSolution
		{1CC0D4B5-7C44-434D-A7DA-6AB56A68B004}.Debug|Any CPU.ActiveCfg = Debug|Any CPU
		{1CC0D4B5-7C44-434D-A7DA-6AB56A68B004}.Debug|Any CPU.Build.0 = Debug|Any CPU
		{1CC0D4B5-7C44-434D-A7DA-6AB56A68B004}.Release|Any CPU.ActiveCfg = Release|Any CPU
		{1CC0D4B5-7C44-434D-A7DA-6AB56A68B004}.Release|Any CPU.Build.0 = Release|Any CPU
	EndGlobalSection
	GlobalSection(SolutionProperties) = preSolution
		HideSolutionNode = FALSE
	EndGlobalSection
	GlobalSection(ExtensibilityGlobals) = postSolution
		SolutionGuid = {65415958-C4FC-4CD0-923E-BECF69B7460B}
	EndGlobalSection
EndGlobal
